
Microsoft Visual Studio Solution File, Format Version 12.00
# Visual Studio Version 17
VisualStudioVersion = 17.11.35327.3
MinimumVisualStudioVersion = 10.0.40219.1
Project("{9A19103F-16F7-4668-BE54-9A1E7A4F7556}") = "lista_02_exercicios", "lista_02_exercicios\lista_02_exercicios.csproj", "{DEC77CAA-50D5-42A2-A0B6-91928C03B98D}"
EndProject
Project("{9A19103F-16F7-4668-BE54-9A1E7A4F7556}") = "lista_02_exercicio01", "lista_02_exercicio01\lista_02_exercicio01.csproj", "{B1E0B0CD-9274-4CA9-BC43-5303B420B71F}"
EndProject
Project("{9A19103F-16F7-4668-BE54-9A1E7A4F7556}") = "lista_02_exercicios02", "lista_02_exercicios02\lista_02_exercicios02.csproj", "{4D7D44C0-BD36-433E-A558-72643384D344}"
EndProject
Project("{9A19103F-16F7-4668-BE54-9A1E7A4F7556}") = "lista_02_exercicios03", "lista_02_exercicios03\lista_02_exercicios03.csproj", "{168DAC81-CFED-4F64-A657-2630E8A85665}"
EndProject
Project("{9A19103F-16F7-4668-BE54-9A1E7A4F7556}") = "lista_02_exercicios04", "lista_02_exercicios04\lista_02_exercicios04.csproj", "{E5742FDC-6831-4EC5-B930-3812B2A97506}"
EndProject
Project("{FAE04EC0-301F-11D3-BF4B-00C04F79EFBC}") = "lista_02_exercicios05", "lista_02_exercicios05\lista_02_exercicios05.csproj", "{2023AA21-348F-49B6-8681-3148D80736AD}"
EndProject
Project("{FAE04EC0-301F-11D3-BF4B-00C04F79EFBC}") = "lista_02_exercicios06", "lista_02_exercicios06\lista_02_exercicios06.csproj", "{07947B76-33F5-4278-80DD-FC15A9CC21B2}"
EndProject
Project("{FAE04EC0-301F-11D3-BF4B-00C04F79EFBC}") = "lista_02_exercicios07", "lista_02_exercicios07\lista_02_exercicios07.csproj", "{409D3C48-954D-49BC-BEE5-4DA67607D5FF}"
EndProject
Project("{FAE04EC0-301F-11D3-BF4B-00C04F79EFBC}") = "lista_02_exercicios08", "lista_02_exercicios08\lista_02_exercicios08.csproj", "{0D457497-6488-459A-9D28-07A20273FAEC}"
EndProject
Project("{FAE04EC0-301F-11D3-BF4B-00C04F79EFBC}") = "lista_02_exercicios09", "lista_02_exercicios09\lista_02_exercicios09.csproj", "{4E0FAD06-B59E-4516-A213-8658D4122CE9}"
EndProject
Project("{FAE04EC0-301F-11D3-BF4B-00C04F79EFBC}") = "lista_02_exercicios10", "lista_02_exercicios10\lista_02_exercicios10.csproj", "{AF2592DB-09A4-4EAA-8AFF-450C8FBCBB44}"
EndProject
Global
	GlobalSection(SolutionConfigurationPlatforms) = preSolution
		Debug|Any CPU = Debug|Any CPU
		Release|Any CPU = Release|Any CPU
	EndGlobalSection
	GlobalSection(ProjectConfigurationPlatforms) = postSolution
		{DEC77CAA-50D5-42A2-A0B6-91928C03B98D}.Debug|Any CPU.ActiveCfg = Debug|Any CPU
		{DEC77CAA-50D5-42A2-A0B6-91928C03B98D}.Debug|Any CPU.Build.0 = Debug|Any CPU
		{DEC77CAA-50D5-42A2-A0B6-91928C03B98D}.Release|Any CPU.ActiveCfg = Release|Any CPU
		{DEC77CAA-50D5-42A2-A0B6-91928C03B98D}.Release|Any CPU.Build.0 = Release|Any CPU
		{B1E0B0CD-9274-4CA9-BC43-5303B420B71F}.Debug|Any CPU.ActiveCfg = Debug|Any CPU
		{B1E0B0CD-9274-4CA9-BC43-5303B420B71F}.Debug|Any CPU.Build.0 = Debug|Any CPU
		{B1E0B0CD-9274-4CA9-BC43-5303B420B71F}.Release|Any CPU.ActiveCfg = Release|Any CPU
		{B1E0B0CD-9274-4CA9-BC43-5303B420B71F}.Release|Any CPU.Build.0 = Release|Any CPU
		{4D7D44C0-BD36-433E-A558-72643384D344}.Debug|Any CPU.ActiveCfg = Debug|Any CPU
		{4D7D44C0-BD36-433E-A558-72643384D344}.Debug|Any CPU.Build.0 = Debug|Any CPU
		{4D7D44C0-BD36-433E-A558-72643384D344}.Release|Any CPU.ActiveCfg = Release|Any CPU
		{4D7D44C0-BD36-433E-A558-72643384D344}.Release|Any CPU.Build.0 = Release|Any CPU
		{168DAC81-CFED-4F64-A657-2630E8A85665}.Debug|Any CPU.ActiveCfg = Debug|Any CPU
		{168DAC81-CFED-4F64-A657-2630E8A85665}.Debug|Any CPU.Build.0 = Debug|Any CPU
		{168DAC81-CFED-4F64-A657-2630E8A85665}.Release|Any CPU.ActiveCfg = Release|Any CPU
		{168DAC81-CFED-4F64-A657-2630E8A85665}.Release|Any CPU.Build.0 = Release|Any CPU
		{E5742FDC-6831-4EC5-B930-3812B2A97506}.Debug|Any CPU.ActiveCfg = Debug|Any CPU
		{E5742FDC-6831-4EC5-B930-3812B2A97506}.Debug|Any CPU.Build.0 = Debug|Any CPU
		{E5742FDC-6831-4EC5-B930-3812B2A97506}.Release|Any CPU.ActiveCfg = Release|Any CPU
		{E5742FDC-6831-4EC5-B930-3812B2A97506}.Release|Any CPU.Build.0 = Release|Any CPU
		{2023AA21-348F-49B6-8681-3148D80736AD}.Debug|Any CPU.ActiveCfg = Debug|Any CPU
		{2023AA21-348F-49B6-8681-3148D80736AD}.Debug|Any CPU.Build.0 = Debug|Any CPU
		{2023AA21-348F-49B6-8681-3148D80736AD}.Release|Any CPU.ActiveCfg = Release|Any CPU
		{2023AA21-348F-49B6-8681-3148D80736AD}.Release|Any CPU.Build.0 = Release|Any CPU
		{07947B76-33F5-4278-80DD-FC15A9CC21B2}.Debug|Any CPU.ActiveCfg = Debug|Any CPU
		{07947B76-33F5-4278-80DD-FC15A9CC21B2}.Debug|Any CPU.Build.0 = Debug|Any CPU
		{07947B76-33F5-4278-80DD-FC15A9CC21B2}.Release|Any CPU.ActiveCfg = Release|Any CPU
		{07947B76-33F5-4278-80DD-FC15A9CC21B2}.Release|Any CPU.Build.0 = Release|Any CPU
		{409D3C48-954D-49BC-BEE5-4DA67607D5FF}.Debug|Any CPU.ActiveCfg = Debug|Any CPU
		{409D3C48-954D-49BC-BEE5-4DA67607D5FF}.Debug|Any CPU.Build.0 = Debug|Any CPU
		{409D3C48-954D-49BC-BEE5-4DA67607D5FF}.Release|Any CPU.ActiveCfg = Release|Any CPU
		{409D3C48-954D-49BC-BEE5-4DA67607D5FF}.Release|Any CPU.Build.0 = Release|Any CPU
		{0D457497-6488-459A-9D28-07A20273FAEC}.Debug|Any CPU.ActiveCfg = Debug|Any CPU
		{0D457497-6488-459A-9D28-07A20273FAEC}.Debug|Any CPU.Build.0 = Debug|Any CPU
		{0D457497-6488-459A-9D28-07A20273FAEC}.Release|Any CPU.ActiveCfg = Release|Any CPU
		{0D457497-6488-459A-9D28-07A20273FAEC}.Release|Any CPU.Build.0 = Release|Any CPU
		{4E0FAD06-B59E-4516-A213-8658D4122CE9}.Debug|Any CPU.ActiveCfg = Debug|Any CPU
		{4E0FAD06-B59E-4516-A213-8658D4122CE9}.Debug|Any CPU.Build.0 = Debug|Any CPU
		{4E0FAD06-B59E-4516-A213-8658D4122CE9}.Release|Any CPU.ActiveCfg = Release|Any CPU
		{4E0FAD06-B59E-4516-A213-8658D4122CE9}.Release|Any CPU.Build.0 = Release|Any CPU
		{AF2592DB-09A4-4EAA-8AFF-450C8FBCBB44}.Debug|Any CPU.ActiveCfg = Debug|Any CPU
		{AF2592DB-09A4-4EAA-8AFF-450C8FBCBB44}.Debug|Any CPU.Build.0 = Debug|Any CPU
		{AF2592DB-09A4-4EAA-8AFF-450C8FBCBB44}.Release|Any CPU.ActiveCfg = Release|Any CPU
		{AF2592DB-09A4-4EAA-8AFF-450C8FBCBB44}.Release|Any CPU.Build.0 = Release|Any CPU
	EndGlobalSection
	GlobalSection(SolutionProperties) = preSolution
		HideSolutionNode = FALSE
	EndGlobalSection
	GlobalSection(ExtensibilityGlobals) = postSolution
		SolutionGuid = {9F8046D0-5A20-4EBA-9169-328F7AE13CE8}
	EndGlobalSection
EndGlobal
